
Microsoft Visual Studio Solution File, Format Version 12.00
# Visual Studio Version 16
VisualStudioVersion = 16.0.30804.86
MinimumVisualStudioVersion = 10.0.40219.1
Project("{9A19103F-16F7-4668-BE54-9A1E7A4F7556}") = "Entities", "Entities\Entities.csproj", "{A1F54402-7061-4A3D-8C85-558FC11B66C9}"
EndProject
Project("{9A19103F-16F7-4668-BE54-9A1E7A4F7556}") = "DataAccess", "DataAccess\DataAccess.csproj", "{1E855F55-D3BA-4E83-8298-32D38F418B94}"
EndProject
Project("{9A19103F-16F7-4668-BE54-9A1E7A4F7556}") = "Business", "Business\Business.csproj", "{B68B9CE4-A02A-471A-9C0A-96DD35EB6783}"
EndProject
Project("{9A19103F-16F7-4668-BE54-9A1E7A4F7556}") = "Core", "Core\Core.csproj", "{F6D0F3D0-8BB9-4A25-A44F-7BE788C2F403}"
EndProject
Project("{9A19103F-16F7-4668-BE54-9A1E7A4F7556}") = "KutuphaneUygulamasi", "KütüphaneUygulaması\KutuphaneUygulamasi.csproj", "{38EA355B-A122-42C4-BF8F-FEAAA88547F4}"
EndProject
Project("{9A19103F-16F7-4668-BE54-9A1E7A4F7556}") = "WebApi", "WebApi\WebApi.csproj", "{7626E50A-8108-42A6-9B6B-D36BF0238650}"
EndProject
Global
	GlobalSection(SolutionConfigurationPlatforms) = preSolution
		Debug|Any CPU = Debug|Any CPU
		Release|Any CPU = Release|Any CPU
	EndGlobalSection
	GlobalSection(ProjectConfigurationPlatforms) = postSolution
		{A1F54402-7061-4A3D-8C85-558FC11B66C9}.Debug|Any CPU.ActiveCfg = Debug|Any CPU
		{A1F54402-7061-4A3D-8C85-558FC11B66C9}.Debug|Any CPU.Build.0 = Debug|Any CPU
		{A1F54402-7061-4A3D-8C85-558FC11B66C9}.Release|Any CPU.ActiveCfg = Release|Any CPU
		{A1F54402-7061-4A3D-8C85-558FC11B66C9}.Release|Any CPU.Build.0 = Release|Any CPU
		{1E855F55-D3BA-4E83-8298-32D38F418B94}.Debug|Any CPU.ActiveCfg = Debug|Any CPU
		{1E855F55-D3BA-4E83-8298-32D38F418B94}.Debug|Any CPU.Build.0 = Debug|Any CPU
		{1E855F55-D3BA-4E83-8298-32D38F418B94}.Release|Any CPU.ActiveCfg = Release|Any CPU
		{1E855F55-D3BA-4E83-8298-32D38F418B94}.Release|Any CPU.Build.0 = Release|Any CPU
		{B68B9CE4-A02A-471A-9C0A-96DD35EB6783}.Debug|Any CPU.ActiveCfg = Debug|Any CPU
		{B68B9CE4-A02A-471A-9C0A-96DD35EB6783}.Debug|Any CPU.Build.0 = Debug|Any CPU
		{B68B9CE4-A02A-471A-9C0A-96DD35EB6783}.Release|Any CPU.ActiveCfg = Release|Any CPU
		{B68B9CE4-A02A-471A-9C0A-96DD35EB6783}.Release|Any CPU.Build.0 = Release|Any CPU
		{F6D0F3D0-8BB9-4A25-A44F-7BE788C2F403}.Debug|Any CPU.ActiveCfg = Debug|Any CPU
		{F6D0F3D0-8BB9-4A25-A44F-7BE788C2F403}.Debug|Any CPU.Build.0 = Debug|Any CPU
		{F6D0F3D0-8BB9-4A25-A44F-7BE788C2F403}.Release|Any CPU.ActiveCfg = Release|Any CPU
		{F6D0F3D0-8BB9-4A25-A44F-7BE788C2F403}.Release|Any CPU.Build.0 = Release|Any CPU
		{38EA355B-A122-42C4-BF8F-FEAAA88547F4}.Debug|Any CPU.ActiveCfg = Debug|Any CPU
		{38EA355B-A122-42C4-BF8F-FEAAA88547F4}.Debug|Any CPU.Build.0 = Debug|Any CPU
		{38EA355B-A122-42C4-BF8F-FEAAA88547F4}.Release|Any CPU.ActiveCfg = Release|Any CPU
		{38EA355B-A122-42C4-BF8F-FEAAA88547F4}.Release|Any CPU.Build.0 = Release|Any CPU
		{7626E50A-8108-42A6-9B6B-D36BF0238650}.Debug|Any CPU.ActiveCfg = Debug|Any CPU
		{7626E50A-8108-42A6-9B6B-D36BF0238650}.Debug|Any CPU.Build.0 = Debug|Any CPU
		{7626E50A-8108-42A6-9B6B-D36BF0238650}.Release|Any CPU.ActiveCfg = Release|Any CPU
		{7626E50A-8108-42A6-9B6B-D36BF0238650}.Release|Any CPU.Build.0 = Release|Any CPU
	EndGlobalSection
	GlobalSection(SolutionProperties) = preSolution
		HideSolutionNode = FALSE
	EndGlobalSection
	GlobalSection(ExtensibilityGlobals) = postSolution
		SolutionGuid = {8FAF9C42-58D5-4E63-8EC9-C0477BA8C1DB}
	EndGlobalSection
EndGlobal
